
Microsoft Visual Studio Solution File, Format Version 12.00
# Visual Studio Version 17
VisualStudioVersion = 17.9.34902.65
MinimumVisualStudioVersion = 10.0.40219.1
Project("{FAE04EC0-301F-11D3-BF4B-00C04F79EFBC}") = "Note.Function", "Note.Function\Note.Function.csproj", "{C55E93D5-0CC4-4FEF-9095-E9C237A0EB38}"
EndProject
Project("{FAE04EC0-301F-11D3-BF4B-00C04F79EFBC}") = "Note.Function.Tests", "Note.Function.Tests\Note.Function.Tests.csproj", "{CDEF441D-1D96-42D6-8DB2-E6C04AD437AD}"
EndProject
Global
	GlobalSection(SolutionConfigurationPlatforms) = preSolution
		Debug|Any CPU = Debug|Any CPU
		Release|Any CPU = Release|Any CPU
	EndGlobalSection
	GlobalSection(ProjectConfigurationPlatforms) = postSolution
		{C55E93D5-0CC4-4FEF-9095-E9C237A0EB38}.Debug|Any CPU.ActiveCfg = Debug|Any CPU
		{C55E93D5-0CC4-4FEF-9095-E9C237A0EB38}.Debug|Any CPU.Build.0 = Debug|Any CPU
		{C55E93D5-0CC4-4FEF-9095-E9C237A0EB38}.Release|Any CPU.ActiveCfg = Release|Any CPU
		{C55E93D5-0CC4-4FEF-9095-E9C237A0EB38}.Release|Any CPU.Build.0 = Release|Any CPU
		{CDEF441D-1D96-42D6-8DB2-E6C04AD437AD}.Debug|Any CPU.ActiveCfg = Debug|Any CPU
		{CDEF441D-1D96-42D6-8DB2-E6C04AD437AD}.Debug|Any CPU.Build.0 = Debug|Any CPU
		{CDEF441D-1D96-42D6-8DB2-E6C04AD437AD}.Release|Any CPU.ActiveCfg = Release|Any CPU
		{CDEF441D-1D96-42D6-8DB2-E6C04AD437AD}.Release|Any CPU.Build.0 = Release|Any CPU
	EndGlobalSection
	GlobalSection(SolutionProperties) = preSolution
		HideSolutionNode = FALSE
	EndGlobalSection
	GlobalSection(ExtensibilityGlobals) = postSolution
		SolutionGuid = {A3D2A437-01CC-4A52-9EF4-DD3985B7D2EE}
	EndGlobalSection
EndGlobal
